
Microsoft Visual Studio Solution File, Format Version 12.00
# Visual Studio Version 17
VisualStudioVersion = 17.6.33723.286
MinimumVisualStudioVersion = 10.0.40219.1
Project("{FAE04EC0-301F-11D3-BF4B-00C04F79EFBC}") = "ConsoleApp7", "ConsoleApp7\ConsoleApp7.csproj", "{8B3F1FF2-2FFB-401C-8000-61A0B1CD48A1}"
EndProject
Global
	GlobalSection(SolutionConfigurationPlatforms) = preSolution
		Debug|Any CPU = Debug|Any CPU
		Release|Any CPU = Release|Any CPU
	EndGlobalSection
	GlobalSection(ProjectConfigurationPlatforms) = postSolution
		{8B3F1FF2-2FFB-401C-8000-61A0B1CD48A1}.Debug|Any CPU.ActiveCfg = Debug|Any CPU
		{8B3F1FF2-2FFB-401C-8000-61A0B1CD48A1}.Debug|Any CPU.Build.0 = Debug|Any CPU
		{8B3F1FF2-2FFB-401C-8000-61A0B1CD48A1}.Release|Any CPU.ActiveCfg = Release|Any CPU
		{8B3F1FF2-2FFB-401C-8000-61A0B1CD48A1}.Release|Any CPU.Build.0 = Release|Any CPU
	EndGlobalSection
	GlobalSection(SolutionProperties) = preSolution
		HideSolutionNode = FALSE
	EndGlobalSection
	GlobalSection(ExtensibilityGlobals) = postSolution
		SolutionGuid = {F6F13BDA-0783-4D22-9CDE-519874596B80}
	EndGlobalSection
EndGlobal
